
Microsoft Visual Studio Solution File, Format Version 12.00
# Visual Studio Version 16
VisualStudioVersion = 16.0.29209.62
MinimumVisualStudioVersion = 10.0.40219.1
Project("{FAE04EC0-301F-11D3-BF4B-00C04F79EFBC}") = "WindowsFormsApp5", "WindowsFormsApp5.csproj", "{0AF73871-2DC5-4495-857A-4CD89F49D332}"
EndProject
Global
	GlobalSection(SolutionConfigurationPlatforms) = preSolution
		Debug|Any CPU = Debug|Any CPU
		Release|Any CPU = Release|Any CPU
	EndGlobalSection
	GlobalSection(ProjectConfigurationPlatforms) = postSolution
		{0AF73871-2DC5-4495-857A-4CD89F49D332}.Debug|Any CPU.ActiveCfg = Debug|Any CPU
		{0AF73871-2DC5-4495-857A-4CD89F49D332}.Debug|Any CPU.Build.0 = Debug|Any CPU
		{0AF73871-2DC5-4495-857A-4CD89F49D332}.Release|Any CPU.ActiveCfg = Release|Any CPU
		{0AF73871-2DC5-4495-857A-4CD89F49D332}.Release|Any CPU.Build.0 = Release|Any CPU
	EndGlobalSection
	GlobalSection(SolutionProperties) = preSolution
		HideSolutionNode = FALSE
	EndGlobalSection
	GlobalSection(ExtensibilityGlobals) = postSolution
		SolutionGuid = {19B465A7-75AB-4833-BDF1-B54527544D8B}
	EndGlobalSection
EndGlobal
